
Microsoft Visual Studio Solution File, Format Version 12.00
# Visual Studio Version 16
VisualStudioVersion = 16.0.30523.141
MinimumVisualStudioVersion = 10.0.40219.1
Project("{FAE04EC0-301F-11D3-BF4B-00C04F79EFBC}") = "TaskTrJunNET", "TaskTrJunNET\TaskTrJunNET.csproj", "{BC67B2A3-1BB7-406F-8062-952E049E75F7}"
EndProject
Global
	GlobalSection(SolutionConfigurationPlatforms) = preSolution
		Debug|Any CPU = Debug|Any CPU
		Release|Any CPU = Release|Any CPU
	EndGlobalSection
	GlobalSection(ProjectConfigurationPlatforms) = postSolution
		{BC67B2A3-1BB7-406F-8062-952E049E75F7}.Debug|Any CPU.ActiveCfg = Debug|Any CPU
		{BC67B2A3-1BB7-406F-8062-952E049E75F7}.Debug|Any CPU.Build.0 = Debug|Any CPU
		{BC67B2A3-1BB7-406F-8062-952E049E75F7}.Release|Any CPU.ActiveCfg = Release|Any CPU
		{BC67B2A3-1BB7-406F-8062-952E049E75F7}.Release|Any CPU.Build.0 = Release|Any CPU
	EndGlobalSection
	GlobalSection(SolutionProperties) = preSolution
		HideSolutionNode = FALSE
	EndGlobalSection
	GlobalSection(ExtensibilityGlobals) = postSolution
		SolutionGuid = {21E16C64-5AC5-4528-80CF-8844619C90F0}
	EndGlobalSection
EndGlobal
